// !$*UTF8*$!
{
	archiveVersion = 1;
	classes = {
	};
	objectVersion = 50;
	objects = {

/* Begin PBXBuildFile section */
		099EE12EE6508D465397F21B /* Pods_TurnUp.framework in Frameworks */ = {isa = PBXBuildFile; fileRef = 166B1E57BFAAB8B99205FE93 /* Pods_TurnUp.framework */; };
		481A352C20A8E6DC008CD16B /* UIImage+Additions.swift in Sources */ = {isa = PBXBuildFile; fileRef = 481A352B20A8E6DC008CD16B /* UIImage+Additions.swift */; };
		481A352E20A8E956008CD16B /* UICollectionView+Additions.swift in Sources */ = {isa = PBXBuildFile; fileRef = 481A352D20A8E956008CD16B /* UICollectionView+Additions.swift */; };
		4859774D20A689C700429CB3 /* AppSettings.swift in Sources */ = {isa = PBXBuildFile; fileRef = 4859774C20A689C700429CB3 /* AppSettings.swift */; };
		4859775020A68AF800429CB3 /* LoginViewController.swift in Sources */ = {isa = PBXBuildFile; fileRef = 4859774E20A68AF800429CB3 /* LoginViewController.swift */; };
		4859775320A68B1C00429CB3 /* EventsViewController.swift in Sources */ = {isa = PBXBuildFile; fileRef = 4859775220A68B1C00429CB3 /* EventsViewController.swift */; };
		4859775520A68BF500429CB3 /* AppController.swift in Sources */ = {isa = PBXBuildFile; fileRef = 4859775420A68BF500429CB3 /* AppController.swift */; };
		4859775720A68C6F00429CB3 /* NavigationController.swift in Sources */ = {isa = PBXBuildFile; fileRef = 4859775620A68C6F00429CB3 /* NavigationController.swift */; };
		4859775A20A68CAC00429CB3 /* UIColor+Additions.swift in Sources */ = {isa = PBXBuildFile; fileRef = 4859775920A68CAC00429CB3 /* UIColor+Additions.swift */; };
		4859775E20A69CD500429CB3 /* UIView+Additions.swift in Sources */ = {isa = PBXBuildFile; fileRef = 4859775D20A69CD500429CB3 /* UIView+Additions.swift */; };
		4859776020A7993F00429CB3 /* Event.swift in Sources */ = {isa = PBXBuildFile; fileRef = 4859775F20A7993F00429CB3 /* Event.swift */; };
		4859776420A7A1BD00429CB3 /* DatabaseRepresentation.swift in Sources */ = {isa = PBXBuildFile; fileRef = 4859776320A7A1BD00429CB3 /* DatabaseRepresentation.swift */; };
		4859776620A7AD3800429CB3 /* ChatViewController.swift in Sources */ = {isa = PBXBuildFile; fileRef = 4859776520A7AD3800429CB3 /* ChatViewController.swift */; };
		4859776820A7D34400429CB3 /* Message.swift in Sources */ = {isa = PBXBuildFile; fileRef = 4859776720A7D34400429CB3 /* Message.swift */; };
		48AC74C720A66C2A00AA1788 /* AppDelegate.swift in Sources */ = {isa = PBXBuildFile; fileRef = 48AC74C620A66C2A00AA1788 /* AppDelegate.swift */; };
		48AC74CE20A66C2C00AA1788 /* Assets.xcassets in Resources */ = {isa = PBXBuildFile; fileRef = 48AC74CD20A66C2C00AA1788 /* Assets.xcassets */; };
		48AC74D120A66C2C00AA1788 /* LaunchScreen.storyboard in Resources */ = {isa = PBXBuildFile; fileRef = 48AC74CF20A66C2C00AA1788 /* LaunchScreen.storyboard */; };
		54829D0D6BCE17D1A3B2D48C /* Pods_TurnUpTests.framework in Frameworks */ = {isa = PBXBuildFile; fileRef = 65EEEF7CD5D59BF2F4872D2A /* Pods_TurnUpTests.framework */; };
		AF020F0522757D16009756C0 /* LoginViewController.xib in Resources */ = {isa = PBXBuildFile; fileRef = AF020F0422757D16009756C0 /* LoginViewController.xib */; };
		AF35BDA8227CCD73001D28F9 /* EventTableViewCell.swift in Sources */ = {isa = PBXBuildFile; fileRef = AF35BDA6227CCD73001D28F9 /* EventTableViewCell.swift */; };
		AF35BDA9227CCD73001D28F9 /* EventTableViewCell.xib in Resources */ = {isa = PBXBuildFile; fileRef = AF35BDA7227CCD73001D28F9 /* EventTableViewCell.xib */; };
		AF35BDAB227CD8A0001D28F9 /* CardView.swift in Sources */ = {isa = PBXBuildFile; fileRef = AF35BDAA227CD8A0001D28F9 /* CardView.swift */; };
		AF4AFF64228237E20040C33C /* UIButton+Additions.swift in Sources */ = {isa = PBXBuildFile; fileRef = AF4AFF63228237E10040C33C /* UIButton+Additions.swift */; };
		AF50105C22758F29007F91B1 /* SubtitleTableViewCell.swift in Sources */ = {isa = PBXBuildFile; fileRef = AF50105B22758F29007F91B1 /* SubtitleTableViewCell.swift */; };
		AF7C71FC2274D68800F7820A /* Main.storyboard in Resources */ = {isa = PBXBuildFile; fileRef = AF7C71FB2274D68800F7820A /* Main.storyboard */; };
		AF8933E6227423430001E760 /* GoogleService-Info.plist in Resources */ = {isa = PBXBuildFile; fileRef = AF8933E5227423430001E760 /* GoogleService-Info.plist */; };
		AFE322F4228688F40043F4AD /* TurnUpTests.swift in Sources */ = {isa = PBXBuildFile; fileRef = AFE322F3228688F40043F4AD /* TurnUpTests.swift */; };
/* End PBXBuildFile section */

/* Begin PBXContainerItemProxy section */
		AFE322F6228688F40043F4AD /* PBXContainerItemProxy */ = {
			isa = PBXContainerItemProxy;
			containerPortal = 48AC74BB20A66C2A00AA1788 /* Project object */;
			proxyType = 1;
			remoteGlobalIDString = 48AC74C220A66C2A00AA1788;
			remoteInfo = TurnUp;
		};
/* End PBXContainerItemProxy section */

/* Begin PBXFileReference section */
		166B1E57BFAAB8B99205FE93 /* Pods_TurnUp.framework */ = {isa = PBXFileReference; explicitFileType = wrapper.framework; includeInIndex = 0; path = Pods_TurnUp.framework; sourceTree = BUILT_PRODUCTS_DIR; };
		24F984B4B7954EDD6A2C32DA /* Pods-TurnUpTests.release.xcconfig */ = {isa = PBXFileReference; includeInIndex = 1; lastKnownFileType = text.xcconfig; name = "Pods-TurnUpTests.release.xcconfig"; path = "Target Support Files/Pods-TurnUpTests/Pods-TurnUpTests.release.xcconfig"; sourceTree = "<group>"; };
		481A352B20A8E6DC008CD16B /* UIImage+Additions.swift */ = {isa = PBXFileReference; lastKnownFileType = sourcecode.swift; path = "UIImage+Additions.swift"; sourceTree = "<group>"; };
		481A352D20A8E956008CD16B /* UICollectionView+Additions.swift */ = {isa = PBXFileReference; lastKnownFileType = sourcecode.swift; path = "UICollectionView+Additions.swift"; sourceTree = "<group>"; };
		4859774C20A689C700429CB3 /* AppSettings.swift */ = {isa = PBXFileReference; lastKnownFileType = sourcecode.swift; path = AppSettings.swift; sourceTree = "<group>"; };
		4859774E20A68AF800429CB3 /* LoginViewController.swift */ = {isa = PBXFileReference; lastKnownFileType = sourcecode.swift; path = LoginViewController.swift; sourceTree = "<group>"; };
		4859775220A68B1C00429CB3 /* EventsViewController.swift */ = {isa = PBXFileReference; lastKnownFileType = sourcecode.swift; path = EventsViewController.swift; sourceTree = "<group>"; };
		4859775420A68BF500429CB3 /* AppController.swift */ = {isa = PBXFileReference; lastKnownFileType = sourcecode.swift; path = AppController.swift; sourceTree = "<group>"; };
		4859775620A68C6F00429CB3 /* NavigationController.swift */ = {isa = PBXFileReference; lastKnownFileType = sourcecode.swift; path = NavigationController.swift; sourceTree = "<group>"; };
		4859775920A68CAC00429CB3 /* UIColor+Additions.swift */ = {isa = PBXFileReference; lastKnownFileType = sourcecode.swift; path = "UIColor+Additions.swift"; sourceTree = "<group>"; };
		4859775D20A69CD500429CB3 /* UIView+Additions.swift */ = {isa = PBXFileReference; lastKnownFileType = sourcecode.swift; path = "UIView+Additions.swift"; sourceTree = "<group>"; };
		4859775F20A7993F00429CB3 /* Event.swift */ = {isa = PBXFileReference; lastKnownFileType = sourcecode.swift; path = Event.swift; sourceTree = "<group>"; };
		4859776320A7A1BD00429CB3 /* DatabaseRepresentation.swift */ = {isa = PBXFileReference; lastKnownFileType = sourcecode.swift; path = DatabaseRepresentation.swift; sourceTree = "<group>"; };
		4859776520A7AD3800429CB3 /* ChatViewController.swift */ = {isa = PBXFileReference; lastKnownFileType = sourcecode.swift; path = ChatViewController.swift; sourceTree = "<group>"; };
		4859776720A7D34400429CB3 /* Message.swift */ = {isa = PBXFileReference; lastKnownFileType = sourcecode.swift; path = Message.swift; sourceTree = "<group>"; };
		48AC74C320A66C2A00AA1788 /* TurnUp.app */ = {isa = PBXFileReference; explicitFileType = wrapper.application; includeInIndex = 0; path = TurnUp.app; sourceTree = BUILT_PRODUCTS_DIR; };
		48AC74C620A66C2A00AA1788 /* AppDelegate.swift */ = {isa = PBXFileReference; lastKnownFileType = sourcecode.swift; path = AppDelegate.swift; sourceTree = "<group>"; };
		48AC74CD20A66C2C00AA1788 /* Assets.xcassets */ = {isa = PBXFileReference; lastKnownFileType = folder.assetcatalog; path = Assets.xcassets; sourceTree = "<group>"; };
		48AC74D020A66C2C00AA1788 /* Base */ = {isa = PBXFileReference; lastKnownFileType = file.storyboard; name = Base; path = Base.lproj/LaunchScreen.storyboard; sourceTree = "<group>"; };
		48AC74D220A66C2C00AA1788 /* Info.plist */ = {isa = PBXFileReference; lastKnownFileType = text.plist.xml; path = Info.plist; sourceTree = "<group>"; };
		4E9A9849AAC6A88F067E206D /* Pods-TurnUp.release.xcconfig */ = {isa = PBXFileReference; includeInIndex = 1; lastKnownFileType = text.xcconfig; name = "Pods-TurnUp.release.xcconfig"; path = "Target Support Files/Pods-TurnUp/Pods-TurnUp.release.xcconfig"; sourceTree = "<group>"; };
		65EEEF7CD5D59BF2F4872D2A /* Pods_TurnUpTests.framework */ = {isa = PBXFileReference; explicitFileType = wrapper.framework; includeInIndex = 0; path = Pods_TurnUpTests.framework; sourceTree = BUILT_PRODUCTS_DIR; };
		AE4C2048471669CF6A9B89D0 /* Pods-TurnUp.debug.xcconfig */ = {isa = PBXFileReference; includeInIndex = 1; lastKnownFileType = text.xcconfig; name = "Pods-TurnUp.debug.xcconfig"; path = "Target Support Files/Pods-TurnUp/Pods-TurnUp.debug.xcconfig"; sourceTree = "<group>"; };
		AF020F0422757D16009756C0 /* LoginViewController.xib */ = {isa = PBXFileReference; fileEncoding = 4; lastKnownFileType = file.xib; path = LoginViewController.xib; sourceTree = "<group>"; };
		AF35BDA6227CCD73001D28F9 /* EventTableViewCell.swift */ = {isa = PBXFileReference; lastKnownFileType = sourcecode.swift; path = EventTableViewCell.swift; sourceTree = "<group>"; };
		AF35BDA7227CCD73001D28F9 /* EventTableViewCell.xib */ = {isa = PBXFileReference; lastKnownFileType = file.xib; path = EventTableViewCell.xib; sourceTree = "<group>"; };
		AF35BDAA227CD8A0001D28F9 /* CardView.swift */ = {isa = PBXFileReference; lastKnownFileType = sourcecode.swift; path = CardView.swift; sourceTree = "<group>"; };
		AF4AFF63228237E10040C33C /* UIButton+Additions.swift */ = {isa = PBXFileReference; lastKnownFileType = sourcecode.swift; path = "UIButton+Additions.swift"; sourceTree = "<group>"; };
		AF50105B22758F29007F91B1 /* SubtitleTableViewCell.swift */ = {isa = PBXFileReference; fileEncoding = 4; lastKnownFileType = sourcecode.swift; path = SubtitleTableViewCell.swift; sourceTree = "<group>"; };
		AF7C71FB2274D68800F7820A /* Main.storyboard */ = {isa = PBXFileReference; lastKnownFileType = file.storyboard; path = Main.storyboard; sourceTree = "<group>"; };
		AF8933E5227423430001E760 /* GoogleService-Info.plist */ = {isa = PBXFileReference; fileEncoding = 4; lastKnownFileType = text.plist.xml; name = "GoogleService-Info.plist"; path = "../../../Downloads/GoogleService-Info.plist"; sourceTree = "<group>"; };
		AFE322F1228688F40043F4AD /* TurnUpTests.xctest */ = {isa = PBXFileReference; explicitFileType = wrapper.cfbundle; includeInIndex = 0; path = TurnUpTests.xctest; sourceTree = BUILT_PRODUCTS_DIR; };
		AFE322F3228688F40043F4AD /* TurnUpTests.swift */ = {isa = PBXFileReference; lastKnownFileType = sourcecode.swift; path = TurnUpTests.swift; sourceTree = "<group>"; };
		AFE322F5228688F40043F4AD /* Info.plist */ = {isa = PBXFileReference; lastKnownFileType = text.plist.xml; path = Info.plist; sourceTree = "<group>"; };
		D10333358980467DBA0EC2B3 /* Pods-TurnUpTests.debug.xcconfig */ = {isa = PBXFileReference; includeInIndex = 1; lastKnownFileType = text.xcconfig; name = "Pods-TurnUpTests.debug.xcconfig"; path = "Target Support Files/Pods-TurnUpTests/Pods-TurnUpTests.debug.xcconfig"; sourceTree = "<group>"; };
/* End PBXFileReference section */

/* Begin PBXFrameworksBuildPhase section */
		48AC74C020A66C2A00AA1788 /* Frameworks */ = {
			isa = PBXFrameworksBuildPhase;
			buildActionMask = 2147483647;
			files = (
				099EE12EE6508D465397F21B /* Pods_TurnUp.framework in Frameworks */,
			);
			runOnlyForDeploymentPostprocessing = 0;
		};
		AFE322EE228688F40043F4AD /* Frameworks */ = {
			isa = PBXFrameworksBuildPhase;
			buildActionMask = 2147483647;
			files = (
				54829D0D6BCE17D1A3B2D48C /* Pods_TurnUpTests.framework in Frameworks */,
			);
			runOnlyForDeploymentPostprocessing = 0;
		};
/* End PBXFrameworksBuildPhase section */

/* Begin PBXGroup section */
		4859775820A68C9B00429CB3 /* Extensions */ = {
			isa = PBXGroup;
			children = (
				481A352D20A8E956008CD16B /* UICollectionView+Additions.swift */,
				4859775920A68CAC00429CB3 /* UIColor+Additions.swift */,
				481A352B20A8E6DC008CD16B /* UIImage+Additions.swift */,
				4859775D20A69CD500429CB3 /* UIView+Additions.swift */,
				AF4AFF63228237E10040C33C /* UIButton+Additions.swift */,
			);
			path = Extensions;
			sourceTree = "<group>";
		};
		48AC74BA20A66C2A00AA1788 = {
			isa = PBXGroup;
			children = (
				48AC74C520A66C2A00AA1788 /* TurnUp */,
				AFE322F2228688F40043F4AD /* TurnUpTests */,
				48AC74C420A66C2A00AA1788 /* Products */,
				EFA474F53AE4B1F49A22DDF7 /* Pods */,
				95D6337D579396FB1773F72E /* Frameworks */,
			);
			indentWidth = 2;
			sourceTree = "<group>";
			tabWidth = 2;
		};
		48AC74C420A66C2A00AA1788 /* Products */ = {
			isa = PBXGroup;
			children = (
				48AC74C320A66C2A00AA1788 /* TurnUp.app */,
				AFE322F1228688F40043F4AD /* TurnUpTests.xctest */,
			);
			name = Products;
			sourceTree = "<group>";
		};
		48AC74C520A66C2A00AA1788 /* TurnUp */ = {
			isa = PBXGroup;
			children = (
				AF50105822758DA0007F91B1 /* Views */,
				48AC74DA20A66C9700AA1788 /* Controllers */,
				4859775820A68C9B00429CB3 /* Extensions */,
				48AC74D920A66C8600AA1788 /* Models */,
				48AC74DC20A66CB800AA1788 /* Supporting Files */,
				48AC74D820A66C7A00AA1788 /* View Controllers */,
			);
			path = TurnUp;
			sourceTree = "<group>";
		};
		48AC74D820A66C7A00AA1788 /* View Controllers */ = {
			isa = PBXGroup;
			children = (
				4859775220A68B1C00429CB3 /* EventsViewController.swift */,
				4859776520A7AD3800429CB3 /* ChatViewController.swift */,
				4859774E20A68AF800429CB3 /* LoginViewController.swift */,
				AF020F0422757D16009756C0 /* LoginViewController.xib */,
				4859775620A68C6F00429CB3 /* NavigationController.swift */,
			);
			path = "View Controllers";
			sourceTree = "<group>";
		};
		48AC74D920A66C8600AA1788 /* Models */ = {
			isa = PBXGroup;
			children = (
				4859775F20A7993F00429CB3 /* Event.swift */,
				4859776320A7A1BD00429CB3 /* DatabaseRepresentation.swift */,
				4859776720A7D34400429CB3 /* Message.swift */,
			);
			path = Models;
			sourceTree = "<group>";
		};
		48AC74DA20A66C9700AA1788 /* Controllers */ = {
			isa = PBXGroup;
			children = (
				4859775420A68BF500429CB3 /* AppController.swift */,
				48AC74C620A66C2A00AA1788 /* AppDelegate.swift */,
				4859774C20A689C700429CB3 /* AppSettings.swift */,
			);
			path = Controllers;
			sourceTree = "<group>";
		};
		48AC74DC20A66CB800AA1788 /* Supporting Files */ = {
			isa = PBXGroup;
			children = (
				48AC74CD20A66C2C00AA1788 /* Assets.xcassets */,
				AF8933E5227423430001E760 /* GoogleService-Info.plist */,
				48AC74D220A66C2C00AA1788 /* Info.plist */,
				48AC74CF20A66C2C00AA1788 /* LaunchScreen.storyboard */,
				AF7C71FB2274D68800F7820A /* Main.storyboard */,
			);
			path = "Supporting Files";
			sourceTree = "<group>";
		};
		95D6337D579396FB1773F72E /* Frameworks */ = {
			isa = PBXGroup;
			children = (
				166B1E57BFAAB8B99205FE93 /* Pods_TurnUp.framework */,
				65EEEF7CD5D59BF2F4872D2A /* Pods_TurnUpTests.framework */,
			);
			name = Frameworks;
			sourceTree = "<group>";
		};
		AF50105822758DA0007F91B1 /* Views */ = {
			isa = PBXGroup;
			children = (
				AF50105B22758F29007F91B1 /* SubtitleTableViewCell.swift */,
				AF35BDA6227CCD73001D28F9 /* EventTableViewCell.swift */,
				AF35BDA7227CCD73001D28F9 /* EventTableViewCell.xib */,
				AF35BDAA227CD8A0001D28F9 /* CardView.swift */,
			);
			path = Views;
			sourceTree = "<group>";
		};
		AFE322F2228688F40043F4AD /* TurnUpTests */ = {
			isa = PBXGroup;
			children = (
				AFE322F3228688F40043F4AD /* TurnUpTests.swift */,
				AFE322F5228688F40043F4AD /* Info.plist */,
			);
			path = TurnUpTests;
			sourceTree = "<group>";
		};
		EFA474F53AE4B1F49A22DDF7 /* Pods */ = {
			isa = PBXGroup;
			children = (
				AE4C2048471669CF6A9B89D0 /* Pods-TurnUp.debug.xcconfig */,
				4E9A9849AAC6A88F067E206D /* Pods-TurnUp.release.xcconfig */,
				D10333358980467DBA0EC2B3 /* Pods-TurnUpTests.debug.xcconfig */,
				24F984B4B7954EDD6A2C32DA /* Pods-TurnUpTests.release.xcconfig */,
			);
			path = Pods;
			sourceTree = "<group>";
		};
/* End PBXGroup section */

/* Begin PBXNativeTarget section */
		48AC74C220A66C2A00AA1788 /* TurnUp */ = {
			isa = PBXNativeTarget;
			buildConfigurationList = 48AC74D520A66C2C00AA1788 /* Build configuration list for PBXNativeTarget "TurnUp" */;
			buildPhases = (
				FAF9D1897E264E15EC92600A /* [CP] Check Pods Manifest.lock */,
				48AC74BF20A66C2A00AA1788 /* Sources */,
				48AC74C020A66C2A00AA1788 /* Frameworks */,
				48AC74C120A66C2A00AA1788 /* Resources */,
				109A63A64BB20C16C3388894 /* [CP] Embed Pods Frameworks */,
			);
			buildRules = (
			);
			dependencies = (
			);
			name = TurnUp;
			productName = RWRC;
			productReference = 48AC74C320A66C2A00AA1788 /* TurnUp.app */;
			productType = "com.apple.product-type.application";
		};
		AFE322F0228688F40043F4AD /* TurnUpTests */ = {
			isa = PBXNativeTarget;
			buildConfigurationList = AFE322FA228688F40043F4AD /* Build configuration list for PBXNativeTarget "TurnUpTests" */;
			buildPhases = (
				DD5A001AF6F6941ABCF4DA16 /* [CP] Check Pods Manifest.lock */,
				AFE322ED228688F40043F4AD /* Sources */,
				AFE322EE228688F40043F4AD /* Frameworks */,
				AFE322EF228688F40043F4AD /* Resources */,
			);
			buildRules = (
			);
			dependencies = (
				AFE322F7228688F40043F4AD /* PBXTargetDependency */,
			);
			name = TurnUpTests;
			productName = TurnUpTests;
			productReference = AFE322F1228688F40043F4AD /* TurnUpTests.xctest */;
			productType = "com.apple.product-type.bundle.unit-test";
		};
/* End PBXNativeTarget section */

/* Begin PBXProject section */
		48AC74BB20A66C2A00AA1788 /* Project object */ = {
			isa = PBXProject;
			attributes = {
				LastSwiftUpdateCheck = 1020;
				LastUpgradeCheck = 0930;
				ORGANIZATIONNAME = "Jack Van Boening";
				TargetAttributes = {
					48AC74C220A66C2A00AA1788 = {
						CreatedOnToolsVersion = 9.3;
						LastSwiftMigration = 1000;
					};
					AFE322F0228688F40043F4AD = {
						CreatedOnToolsVersion = 10.2.1;
						TestTargetID = 48AC74C220A66C2A00AA1788;
					};
				};
			};
			buildConfigurationList = 48AC74BE20A66C2A00AA1788 /* Build configuration list for PBXProject "TurnUp" */;
			compatibilityVersion = "Xcode 9.3";
			developmentRegion = en;
			hasScannedForEncodings = 0;
			knownRegions = (
				en,
				Base,
			);
			mainGroup = 48AC74BA20A66C2A00AA1788;
			productRefGroup = 48AC74C420A66C2A00AA1788 /* Products */;
			projectDirPath = "";
			projectRoot = "";
			targets = (
				48AC74C220A66C2A00AA1788 /* TurnUp */,
				AFE322F0228688F40043F4AD /* TurnUpTests */,
			);
		};
/* End PBXProject section */

/* Begin PBXResourcesBuildPhase section */
		48AC74C120A66C2A00AA1788 /* Resources */ = {
			isa = PBXResourcesBuildPhase;
			buildActionMask = 2147483647;
			files = (
				AF35BDA9227CCD73001D28F9 /* EventTableViewCell.xib in Resources */,
				AF020F0522757D16009756C0 /* LoginViewController.xib in Resources */,
				AF7C71FC2274D68800F7820A /* Main.storyboard in Resources */,
				AF8933E6227423430001E760 /* GoogleService-Info.plist in Resources */,
				48AC74D120A66C2C00AA1788 /* LaunchScreen.storyboard in Resources */,
				48AC74CE20A66C2C00AA1788 /* Assets.xcassets in Resources */,
			);
			runOnlyForDeploymentPostprocessing = 0;
		};
		AFE322EF228688F40043F4AD /* Resources */ = {
			isa = PBXResourcesBuildPhase;
			buildActionMask = 2147483647;
			files = (
			);
			runOnlyForDeploymentPostprocessing = 0;
		};
/* End PBXResourcesBuildPhase section */

/* Begin PBXShellScriptBuildPhase section */
		109A63A64BB20C16C3388894 /* [CP] Embed Pods Frameworks */ = {
			isa = PBXShellScriptBuildPhase;
			buildActionMask = 2147483647;
			files = (
			);
			inputFileListPaths = (
			);
			inputPaths = (
				"${PODS_ROOT}/Target Support Files/Pods-TurnUp/Pods-TurnUp-frameworks.sh",
				"${BUILT_PRODUCTS_DIR}/BoringSSL-GRPC/openssl_grpc.framework",
				"${BUILT_PRODUCTS_DIR}/GTMSessionFetcher/GTMSessionFetcher.framework",
				"${BUILT_PRODUCTS_DIR}/GoogleUtilities/GoogleUtilities.framework",
				"${BUILT_PRODUCTS_DIR}/MessageKit/MessageKit.framework",
				"${BUILT_PRODUCTS_DIR}/Protobuf/Protobuf.framework",
				"${BUILT_PRODUCTS_DIR}/gRPC-C++/grpcpp.framework",
				"${BUILT_PRODUCTS_DIR}/gRPC-Core/grpc.framework",
				"${BUILT_PRODUCTS_DIR}/leveldb-library/leveldb.framework",
				"${BUILT_PRODUCTS_DIR}/nanopb/nanopb.framework",
			);
			name = "[CP] Embed Pods Frameworks";
			outputFileListPaths = (
			);
			outputPaths = (
				"${TARGET_BUILD_DIR}/${FRAMEWORKS_FOLDER_PATH}/openssl_grpc.framework",
				"${TARGET_BUILD_DIR}/${FRAMEWORKS_FOLDER_PATH}/GTMSessionFetcher.framework",
				"${TARGET_BUILD_DIR}/${FRAMEWORKS_FOLDER_PATH}/GoogleUtilities.framework",
				"${TARGET_BUILD_DIR}/${FRAMEWORKS_FOLDER_PATH}/MessageKit.framework",
				"${TARGET_BUILD_DIR}/${FRAMEWORKS_FOLDER_PATH}/Protobuf.framework",
				"${TARGET_BUILD_DIR}/${FRAMEWORKS_FOLDER_PATH}/grpcpp.framework",
				"${TARGET_BUILD_DIR}/${FRAMEWORKS_FOLDER_PATH}/grpc.framework",
				"${TARGET_BUILD_DIR}/${FRAMEWORKS_FOLDER_PATH}/leveldb.framework",
				"${TARGET_BUILD_DIR}/${FRAMEWORKS_FOLDER_PATH}/nanopb.framework",
			);
			runOnlyForDeploymentPostprocessing = 0;
			shellPath = /bin/sh;
			shellScript = "\"${PODS_ROOT}/Target Support Files/Pods-TurnUp/Pods-TurnUp-frameworks.sh\"\n";
			showEnvVarsInLog = 0;
		};
		DD5A001AF6F6941ABCF4DA16 /* [CP] Check Pods Manifest.lock */ = {
			isa = PBXShellScriptBuildPhase;
			buildActionMask = 2147483647;
			files = (
			);
			inputFileListPaths = (
			);
			inputPaths = (
				"${PODS_PODFILE_DIR_PATH}/Podfile.lock",
				"${PODS_ROOT}/Manifest.lock",
			);
			name = "[CP] Check Pods Manifest.lock";
			outputFileListPaths = (
			);
			outputPaths = (
				"$(DERIVED_FILE_DIR)/Pods-TurnUpTests-checkManifestLockResult.txt",
			);
			runOnlyForDeploymentPostprocessing = 0;
			shellPath = /bin/sh;
			shellScript = "diff \"${PODS_PODFILE_DIR_PATH}/Podfile.lock\" \"${PODS_ROOT}/Manifest.lock\" > /dev/null\nif [ $? != 0 ] ; then\n    # print error to STDERR\n    echo \"error: The sandbox is not in sync with the Podfile.lock. Run 'pod install' or update your CocoaPods installation.\" >&2\n    exit 1\nfi\n# This output is used by Xcode 'outputs' to avoid re-running this script phase.\necho \"SUCCESS\" > \"${SCRIPT_OUTPUT_FILE_0}\"\n";
			showEnvVarsInLog = 0;
		};
		FAF9D1897E264E15EC92600A /* [CP] Check Pods Manifest.lock */ = {
			isa = PBXShellScriptBuildPhase;
			buildActionMask = 2147483647;
			files = (
			);
			inputFileListPaths = (
			);
			inputPaths = (
				"${PODS_PODFILE_DIR_PATH}/Podfile.lock",
				"${PODS_ROOT}/Manifest.lock",
			);
			name = "[CP] Check Pods Manifest.lock";
			outputFileListPaths = (
			);
			outputPaths = (
				"$(DERIVED_FILE_DIR)/Pods-TurnUp-checkManifestLockResult.txt",
			);
			runOnlyForDeploymentPostprocessing = 0;
			shellPath = /bin/sh;
			shellScript = "diff \"${PODS_PODFILE_DIR_PATH}/Podfile.lock\" \"${PODS_ROOT}/Manifest.lock\" > /dev/null\nif [ $? != 0 ] ; then\n    # print error to STDERR\n    echo \"error: The sandbox is not in sync with the Podfile.lock. Run 'pod install' or update your CocoaPods installation.\" >&2\n    exit 1\nfi\n# This output is used by Xcode 'outputs' to avoid re-running this script phase.\necho \"SUCCESS\" > \"${SCRIPT_OUTPUT_FILE_0}\"\n";
			showEnvVarsInLog = 0;
		};
/* End PBXShellScriptBuildPhase section */

/* Begin PBXSourcesBuildPhase section */
		48AC74BF20A66C2A00AA1788 /* Sources */ = {
			isa = PBXSourcesBuildPhase;
			buildActionMask = 2147483647;
			files = (
				4859775320A68B1C00429CB3 /* EventsViewController.swift in Sources */,
				4859775720A68C6F00429CB3 /* NavigationController.swift in Sources */,
				4859775520A68BF500429CB3 /* AppController.swift in Sources */,
				481A352E20A8E956008CD16B /* UICollectionView+Additions.swift in Sources */,
				4859775020A68AF800429CB3 /* LoginViewController.swift in Sources */,
				4859775E20A69CD500429CB3 /* UIView+Additions.swift in Sources */,
				48AC74C720A66C2A00AA1788 /* AppDelegate.swift in Sources */,
				4859776420A7A1BD00429CB3 /* DatabaseRepresentation.swift in Sources */,
				4859774D20A689C700429CB3 /* AppSettings.swift in Sources */,
				AF4AFF64228237E20040C33C /* UIButton+Additions.swift in Sources */,
				AF35BDAB227CD8A0001D28F9 /* CardView.swift in Sources */,
				4859776820A7D34400429CB3 /* Message.swift in Sources */,
				AF35BDA8227CCD73001D28F9 /* EventTableViewCell.swift in Sources */,
				4859776020A7993F00429CB3 /* Event.swift in Sources */,
				4859776620A7AD3800429CB3 /* ChatViewController.swift in Sources */,
				AF50105C22758F29007F91B1 /* SubtitleTableViewCell.swift in Sources */,
				4859775A20A68CAC00429CB3 /* UIColor+Additions.swift in Sources */,
				481A352C20A8E6DC008CD16B /* UIImage+Additions.swift in Sources */,
			);
			runOnlyForDeploymentPostprocessing = 0;
		};
		AFE322ED228688F40043F4AD /* Sources */ = {
			isa = PBXSourcesBuildPhase;
			buildActionMask = 2147483647;
			files = (
				AFE322F4228688F40043F4AD /* TurnUpTests.swift in Sources */,
			);
			runOnlyForDeploymentPostprocessing = 0;
		};
/* End PBXSourcesBuildPhase section */

/* Begin PBXTargetDependency section */
		AFE322F7228688F40043F4AD /* PBXTargetDependency */ = {
			isa = PBXTargetDependency;
			target = 48AC74C220A66C2A00AA1788 /* TurnUp */;
			targetProxy = AFE322F6228688F40043F4AD /* PBXContainerItemProxy */;
		};
/* End PBXTargetDependency section */

/* Begin PBXVariantGroup section */
		48AC74CF20A66C2C00AA1788 /* LaunchScreen.storyboard */ = {
			isa = PBXVariantGroup;
			children = (
				48AC74D020A66C2C00AA1788 /* Base */,
			);
			name = LaunchScreen.storyboard;
			sourceTree = "<group>";
		};
/* End PBXVariantGroup section */

/* Begin XCBuildConfiguration section */
		48AC74D320A66C2C00AA1788 /* Debug */ = {
			isa = XCBuildConfiguration;
			buildSettings = {
				ALWAYS_SEARCH_USER_PATHS = NO;
				CLANG_ANALYZER_NONNULL = YES;
				CLANG_ANALYZER_NUMBER_OBJECT_CONVERSION = YES_AGGRESSIVE;
				CLANG_CXX_LANGUAGE_STANDARD = "gnu++14";
				CLANG_CXX_LIBRARY = "libc++";
				CLANG_ENABLE_MODULES = YES;
				CLANG_ENABLE_OBJC_ARC = YES;
				CLANG_ENABLE_OBJC_WEAK = YES;
				CLANG_WARN_BLOCK_CAPTURE_AUTORELEASING = YES;
				CLANG_WARN_BOOL_CONVERSION = YES;
				CLANG_WARN_COMMA = YES;
				CLANG_WARN_CONSTANT_CONVERSION = YES;
				CLANG_WARN_DEPRECATED_OBJC_IMPLEMENTATIONS = YES;
				CLANG_WARN_DIRECT_OBJC_ISA_USAGE = YES_ERROR;
				CLANG_WARN_DOCUMENTATION_COMMENTS = YES;
				CLANG_WARN_EMPTY_BODY = YES;
				CLANG_WARN_ENUM_CONVERSION = YES;
				CLANG_WARN_INFINITE_RECURSION = YES;
				CLANG_WARN_INT_CONVERSION = YES;
				CLANG_WARN_NON_LITERAL_NULL_CONVERSION = YES;
				CLANG_WARN_OBJC_IMPLICIT_RETAIN_SELF = YES;
				CLANG_WARN_OBJC_LITERAL_CONVERSION = YES;
				CLANG_WARN_OBJC_ROOT_CLASS = YES_ERROR;
				CLANG_WARN_RANGE_LOOP_ANALYSIS = YES;
				CLANG_WARN_STRICT_PROTOTYPES = YES;
				CLANG_WARN_SUSPICIOUS_MOVE = YES;
				CLANG_WARN_UNGUARDED_AVAILABILITY = YES_AGGRESSIVE;
				CLANG_WARN_UNREACHABLE_CODE = YES;
				CLANG_WARN__DUPLICATE_METHOD_MATCH = YES;
				CODE_SIGN_IDENTITY = "iPhone Developer";
				COPY_PHASE_STRIP = NO;
				DEBUG_INFORMATION_FORMAT = dwarf;
				ENABLE_STRICT_OBJC_MSGSEND = YES;
				ENABLE_TESTABILITY = YES;
				GCC_C_LANGUAGE_STANDARD = gnu11;
				GCC_DYNAMIC_NO_PIC = NO;
				GCC_NO_COMMON_BLOCKS = YES;
				GCC_OPTIMIZATION_LEVEL = 0;
				GCC_PREPROCESSOR_DEFINITIONS = (
					"DEBUG=1",
					"$(inherited)",
				);
				GCC_WARN_64_TO_32_BIT_CONVERSION = YES;
				GCC_WARN_ABOUT_RETURN_TYPE = YES_ERROR;
				GCC_WARN_UNDECLARED_SELECTOR = YES;
				GCC_WARN_UNINITIALIZED_AUTOS = YES_AGGRESSIVE;
				GCC_WARN_UNUSED_FUNCTION = YES;
				GCC_WARN_UNUSED_VARIABLE = YES;
				IPHONEOS_DEPLOYMENT_TARGET = 12.2;
				MTL_ENABLE_DEBUG_INFO = YES;
				ONLY_ACTIVE_ARCH = YES;
				SDKROOT = iphoneos;
				SWIFT_ACTIVE_COMPILATION_CONDITIONS = DEBUG;
				SWIFT_OPTIMIZATION_LEVEL = "-Onone";
			};
			name = Debug;
		};
		48AC74D420A66C2C00AA1788 /* Release */ = {
			isa = XCBuildConfiguration;
			buildSettings = {
				ALWAYS_SEARCH_USER_PATHS = NO;
				CLANG_ANALYZER_NONNULL = YES;
				CLANG_ANALYZER_NUMBER_OBJECT_CONVERSION = YES_AGGRESSIVE;
				CLANG_CXX_LANGUAGE_STANDARD = "gnu++14";
				CLANG_CXX_LIBRARY = "libc++";
				CLANG_ENABLE_MODULES = YES;
				CLANG_ENABLE_OBJC_ARC = YES;
				CLANG_ENABLE_OBJC_WEAK = YES;
				CLANG_WARN_BLOCK_CAPTURE_AUTORELEASING = YES;
				CLANG_WARN_BOOL_CONVERSION = YES;
				CLANG_WARN_COMMA = YES;
				CLANG_WARN_CONSTANT_CONVERSION = YES;
				CLANG_WARN_DEPRECATED_OBJC_IMPLEMENTATIONS = YES;
				CLANG_WARN_DIRECT_OBJC_ISA_USAGE = YES_ERROR;
				CLANG_WARN_DOCUMENTATION_COMMENTS = YES;
				CLANG_WARN_EMPTY_BODY = YES;
				CLANG_WARN_ENUM_CONVERSION = YES;
				CLANG_WARN_INFINITE_RECURSION = YES;
				CLANG_WARN_INT_CONVERSION = YES;
				CLANG_WARN_NON_LITERAL_NULL_CONVERSION = YES;
				CLANG_WARN_OBJC_IMPLICIT_RETAIN_SELF = YES;
				CLANG_WARN_OBJC_LITERAL_CONVERSION = YES;
				CLANG_WARN_OBJC_ROOT_CLASS = YES_ERROR;
				CLANG_WARN_RANGE_LOOP_ANALYSIS = YES;
				CLANG_WARN_STRICT_PROTOTYPES = YES;
				CLANG_WARN_SUSPICIOUS_MOVE = YES;
				CLANG_WARN_UNGUARDED_AVAILABILITY = YES_AGGRESSIVE;
				CLANG_WARN_UNREACHABLE_CODE = YES;
				CLANG_WARN__DUPLICATE_METHOD_MATCH = YES;
				CODE_SIGN_IDENTITY = "iPhone Developer";
				COPY_PHASE_STRIP = NO;
				DEBUG_INFORMATION_FORMAT = "dwarf-with-dsym";
				ENABLE_NS_ASSERTIONS = NO;
				ENABLE_STRICT_OBJC_MSGSEND = YES;
				GCC_C_LANGUAGE_STANDARD = gnu11;
				GCC_NO_COMMON_BLOCKS = YES;
				GCC_WARN_64_TO_32_BIT_CONVERSION = YES;
				GCC_WARN_ABOUT_RETURN_TYPE = YES_ERROR;
				GCC_WARN_UNDECLARED_SELECTOR = YES;
				GCC_WARN_UNINITIALIZED_AUTOS = YES_AGGRESSIVE;
				GCC_WARN_UNUSED_FUNCTION = YES;
				GCC_WARN_UNUSED_VARIABLE = YES;
				IPHONEOS_DEPLOYMENT_TARGET = 12.2;
				MTL_ENABLE_DEBUG_INFO = NO;
				SDKROOT = iphoneos;
				SWIFT_COMPILATION_MODE = wholemodule;
				SWIFT_OPTIMIZATION_LEVEL = "-O";
				VALIDATE_PRODUCT = YES;
			};
			name = Release;
		};
		48AC74D620A66C2C00AA1788 /* Debug */ = {
			isa = XCBuildConfiguration;
			baseConfigurationReference = AE4C2048471669CF6A9B89D0 /* Pods-TurnUp.debug.xcconfig */;
			buildSettings = {
				ASSETCATALOG_COMPILER_APPICON_NAME = AppIcon;
				CODE_SIGN_STYLE = Automatic;
				DEVELOPMENT_TEAM = 78A7M6RT42;
				INFOPLIST_FILE = "$(SRCROOT)/TurnUp/Supporting Files/Info.plist";
				IPHONEOS_DEPLOYMENT_TARGET = 12.2;
				LD_RUNPATH_SEARCH_PATHS = (
					"$(inherited)",
					"@executable_path/Frameworks",
				);
				PRODUCT_BUNDLE_IDENTIFIER = com.jackvanboening.TurnUp;
				PRODUCT_NAME = "$(TARGET_NAME)";
				SWIFT_VERSION = 4.2;
				TARGETED_DEVICE_FAMILY = 1;
			};
			name = Debug;
		};
		48AC74D720A66C2C00AA1788 /* Release */ = {
			isa = XCBuildConfiguration;
			baseConfigurationReference = 4E9A9849AAC6A88F067E206D /* Pods-TurnUp.release.xcconfig */;
			buildSettings = {
				ASSETCATALOG_COMPILER_APPICON_NAME = AppIcon;
				CODE_SIGN_STYLE = Automatic;
				DEVELOPMENT_TEAM = 78A7M6RT42;
				INFOPLIST_FILE = "$(SRCROOT)/TurnUp/Supporting Files/Info.plist";
				IPHONEOS_DEPLOYMENT_TARGET = 12.2;
				LD_RUNPATH_SEARCH_PATHS = (
					"$(inherited)",
					"@executable_path/Frameworks",
				);
				PRODUCT_BUNDLE_IDENTIFIER = com.jackvanboening.TurnUp;
				PRODUCT_NAME = "$(TARGET_NAME)";
				SWIFT_VERSION = 4.2;
				TARGETED_DEVICE_FAMILY = 1;
			};
			name = Release;
		};
		AFE322F8228688F40043F4AD /* Debug */ = {
			isa = XCBuildConfiguration;
			baseConfigurationReference = D10333358980467DBA0EC2B3 /* Pods-TurnUpTests.debug.xcconfig */;
			buildSettings = {
				BUNDLE_LOADER = "$(TEST_HOST)";
				CODE_SIGN_STYLE = Automatic;
				DEVELOPMENT_TEAM = 78A7M6RT42;
				INFOPLIST_FILE = TurnUpTests/Info.plist;
				IPHONEOS_DEPLOYMENT_TARGET = 12.2;
				LD_RUNPATH_SEARCH_PATHS = (
					"$(inherited)",
					"@executable_path/Frameworks",
					"@loader_path/Frameworks",
				);
				MTL_ENABLE_DEBUG_INFO = INCLUDE_SOURCE;
				MTL_FAST_MATH = YES;
				PRODUCT_BUNDLE_IDENTIFIER = com.jackvanboening.TurnUpTests;
				PRODUCT_NAME = "$(TARGET_NAME)";
				SWIFT_VERSION = 5.0;
				TARGETED_DEVICE_FAMILY = "1,2";
				TEST_HOST = "$(BUILT_PRODUCTS_DIR)/TurnUp.app/TurnUp";
			};
			name = Debug;
		};
		AFE322F9228688F40043F4AD /* Release */ = {
			isa = XCBuildConfiguration;
			baseConfigurationReference = 24F984B4B7954EDD6A2C32DA /* Pods-TurnUpTests.release.xcconfig */;
			buildSettings = {
				BUNDLE_LOADER = "$(TEST_HOST)";
				CODE_SIGN_STYLE = Automatic;
				DEVELOPMENT_TEAM = 78A7M6RT42;
				INFOPLIST_FILE = TurnUpTests/Info.plist;
				IPHONEOS_DEPLOYMENT_TARGET = 12.2;
				LD_RUNPATH_SEARCH_PATHS = (
					"$(inherited)",
					"@executable_path/Frameworks",
					"@loader_path/Frameworks",
				);
				MTL_FAST_MATH = YES;
				PRODUCT_BUNDLE_IDENTIFIER = com.jackvanboening.TurnUpTests;
				PRODUCT_NAME = "$(TARGET_NAME)";
				SWIFT_VERSION = 5.0;
				TARGETED_DEVICE_FAMILY = "1,2";
				TEST_HOST = "$(BUILT_PRODUCTS_DIR)/TurnUp.app/TurnUp";
			};
			name = Release;
		};
/* End XCBuildConfiguration section */

/* Begin XCConfigurationList section */
		48AC74BE20A66C2A00AA1788 /* Build configuration list for PBXProject "TurnUp" */ = {
			isa = XCConfigurationList;
			buildConfigurations = (
				48AC74D320A66C2C00AA1788 /* Debug */,
				48AC74D420A66C2C00AA1788 /* Release */,
			);
			defaultConfigurationIsVisible = 0;
			defaultConfigurationName = Release;
		};
		48AC74D520A66C2C00AA1788 /* Build configuration list for PBXNativeTarget "TurnUp" */ = {
			isa = XCConfigurationList;
			buildConfigurations = (
				48AC74D620A66C2C00AA1788 /* Debug */,
				48AC74D720A66C2C00AA1788 /* Release */,
			);
			defaultConfigurationIsVisible = 0;
			defaultConfigurationName = Release;
		};
		AFE322FA228688F40043F4AD /* Build configuration list for PBXNativeTarget "TurnUpTests" */ = {
			isa = XCConfigurationList;
			buildConfigurations = (
				AFE322F8228688F40043F4AD /* Debug */,
				AFE322F9228688F40043F4AD /* Release */,
			);
			defaultConfigurationIsVisible = 0;
			defaultConfigurationName = Release;
		};
/* End XCConfigurationList section */
	};
	rootObject = 48AC74BB20A66C2A00AA1788 /* Project object */;
}
